// !$*UTF8*$!
{
	archiveVersion = 1;
	classes = {
	};
	objectVersion = 46;
	objects = {

/* Begin PBXBuildFile section */
		36BAC96C1ABC4A5C008CC668 /* GameObject.m in Sources */ = {isa = PBXBuildFile; fileRef = 36BAC96B1ABC4A5C008CC668 /* GameObject.m */; };
		40A06DBC171BCEB80055E95E /* UIKit.framework in Frameworks */ = {isa = PBXBuildFile; fileRef = 40A06DBB171BCEB80055E95E /* UIKit.framework */; };
		40A06DBE171BCEB80055E95E /* Foundation.framework in Frameworks */ = {isa = PBXBuildFile; fileRef = 40A06DBD171BCEB80055E95E /* Foundation.framework */; };
		40A06DC0171BCEB80055E95E /* CoreGraphics.framework in Frameworks */ = {isa = PBXBuildFile; fileRef = 40A06DBF171BCEB80055E95E /* CoreGraphics.framework */; };
		40A06DC6171BCEB80055E95E /* InfoPlist.strings in Resources */ = {isa = PBXBuildFile; fileRef = 40A06DC4171BCEB80055E95E /* InfoPlist.strings */; };
		40A06DC8171BCEB80055E95E /* main.m in Sources */ = {isa = PBXBuildFile; fileRef = 40A06DC7171BCEB80055E95E /* main.m */; };
		40A06DCE171BCEB80055E95E /* Default.png in Resources */ = {isa = PBXBuildFile; fileRef = 40A06DCD171BCEB80055E95E /* Default.png */; };
		40A06DD0171BCEB80055E95E /* Default@2x.png in Resources */ = {isa = PBXBuildFile; fileRef = 40A06DCF171BCEB80055E95E /* Default@2x.png */; };
		40A06DD2171BCEB80055E95E /* Default-568h@2x.png in Resources */ = {isa = PBXBuildFile; fileRef = 40A06DD1171BCEB80055E95E /* Default-568h@2x.png */; };
		40A06E8E171BE60E0055E95E /* SystemConfiguration.framework in Frameworks */ = {isa = PBXBuildFile; fileRef = 40A06E8D171BE60E0055E95E /* SystemConfiguration.framework */; };
		40A06E90171BE62F0055E95E /* CoreLocation.framework in Frameworks */ = {isa = PBXBuildFile; fileRef = 40A06E8F171BE62F0055E95E /* CoreLocation.framework */; };
		40A06E92171BE63C0055E95E /* QuartzCore.framework in Frameworks */ = {isa = PBXBuildFile; fileRef = 40A06E91171BE63C0055E95E /* QuartzCore.framework */; };
		40A06E94171BE6520055E95E /* OpenGLES.framework in Frameworks */ = {isa = PBXBuildFile; fileRef = 40A06E93171BE6520055E95E /* OpenGLES.framework */; };
		40D6490B174BA52900D03105 /* MainWindow.xib in Resources */ = {isa = PBXBuildFile; fileRef = 40D648EB174BA52900D03105 /* MainWindow.xib */; };
		40D64915174BA52900D03105 /* RootViewController.xib in Resources */ = {isa = PBXBuildFile; fileRef = 40D648FA174BA52900D03105 /* RootViewController.xib */; };
		E12075EA1755B46000E70513 /* LocationDemoViewController.xib in Resources */ = {isa = PBXBuildFile; fileRef = E12075DF1755B46000E70513 /* LocationDemoViewController.xib */; };
		E120760B1755B4AA00E70513 /* AppDelegate.mm in Sources */ = {isa = PBXBuildFile; fileRef = E12075F51755B4AA00E70513 /* AppDelegate.mm */; };
		E120760F1755B4AA00E70513 /* LocationDemoViewController.m in Sources */ = {isa = PBXBuildFile; fileRef = E12075FD1755B4AA00E70513 /* LocationDemoViewController.m */; };
		E12076141755B4AA00E70513 /* RootViewController.mm in Sources */ = {isa = PBXBuildFile; fileRef = E12076071755B4AA00E70513 /* RootViewController.mm */; };
		E15497BF1A3AEF9C00DA82A0 /* locations.json in Resources */ = {isa = PBXBuildFile; fileRef = E15497BE1A3AEF9C00DA82A0 /* locations.json */; };
		E163696E1A26CD17004E2DBF /* line_dash_texture.png in Resources */ = {isa = PBXBuildFile; fileRef = E163696D1A26CD17004E2DBF /* line_dash_texture.png */; };
		E16369901A26FB09004E2DBF /* poi_1.png in Resources */ = {isa = PBXBuildFile; fileRef = E163698D1A26FB09004E2DBF /* poi_1.png */; };
		E16369911A26FB09004E2DBF /* poi_2.png in Resources */ = {isa = PBXBuildFile; fileRef = E163698E1A26FB09004E2DBF /* poi_2.png */; };
		E16369921A26FB09004E2DBF /* poi_3.png in Resources */ = {isa = PBXBuildFile; fileRef = E163698F1A26FB09004E2DBF /* poi_3.png */; };
		E16369A91A2703DB004E2DBF /* poi_21.png in Resources */ = {isa = PBXBuildFile; fileRef = E16369A61A2703DB004E2DBF /* poi_21.png */; };
		E16369AA1A2703DB004E2DBF /* poi_22.png in Resources */ = {isa = PBXBuildFile; fileRef = E16369A71A2703DB004E2DBF /* poi_22.png */; };
		E16369AB1A2703DB004E2DBF /* poi_23.png in Resources */ = {isa = PBXBuildFile; fileRef = E16369A81A2703DB004E2DBF /* poi_23.png */; };
		E17856D71A25A69500B30FC0 /* texture_arrow.png in Resources */ = {isa = PBXBuildFile; fileRef = E17856D61A25A69500B30FC0 /* texture_arrow.png */; };
		E17856D91A25A6A800B30FC0 /* test.png in Resources */ = {isa = PBXBuildFile; fileRef = E17856D81A25A6A800B30FC0 /* test.png */; };
		E17856FF1A25B77700B30FC0 /* arrowTexture.png in Resources */ = {isa = PBXBuildFile; fileRef = E17856FE1A25B77700B30FC0 /* arrowTexture.png */; };
		E17FBC3D1A1CCA9400A66BB2 /* mapapi.bundle in Resources */ = {isa = PBXBuildFile; fileRef = E17FBC3C1A1CCA9400A66BB2 /* mapapi.bundle */; };
		E19D0A201A3C29140065A004 /* JSONKit.m in Sources */ = {isa = PBXBuildFile; fileRef = E19D0A1F1A3C29140065A004 /* JSONKit.m */; settings = {COMPILER_FLAGS = "-fno-objc-arc"; }; };
		E1EBC64D1A15D55F0064ABA7 /* Icon.png in Resources */ = {isa = PBXBuildFile; fileRef = E1EBC64B1A15D55F0064ABA7 /* Icon.png */; };
		E1EBC64E1A15D55F0064ABA7 /* Icon@2x.png in Resources */ = {isa = PBXBuildFile; fileRef = E1EBC64C1A15D55F0064ABA7 /* Icon@2x.png */; };
		FA302E0717DEE9AF00E9D516 /* Security.framework in Frameworks */ = {isa = PBXBuildFile; fileRef = FA302E0617DEE9AF00E9D516 /* Security.framework */; };
		FA62B46E17A25FC300E2A03E /* MessageUI.framework in Frameworks */ = {isa = PBXBuildFile; fileRef = FA62B46D17A25FC300E2A03E /* MessageUI.framework */; settings = {ATTRIBUTES = (Required, ); }; };
		FA6E0B4C191905F400C82824 /* libbaidumapapi.a in Frameworks */ = {isa = PBXBuildFile; fileRef = FA6E0B4B191905F400C82824 /* libbaidumapapi.a */; };
/* End PBXBuildFile section */

/* Begin PBXFileReference section */
		36BAC96A1ABC4A5C008CC668 /* GameObject.h */ = {isa = PBXFileReference; fileEncoding = 4; lastKnownFileType = sourcecode.c.h; path = GameObject.h; sourceTree = "<group>"; };
		36BAC96B1ABC4A5C008CC668 /* GameObject.m */ = {isa = PBXFileReference; fileEncoding = 4; lastKnownFileType = sourcecode.c.objc; path = GameObject.m; sourceTree = "<group>"; };
		40A06DB7171BCEB80055E95E /* RunningManDemo.app */ = {isa = PBXFileReference; explicitFileType = wrapper.application; includeInIndex = 0; path = RunningManDemo.app; sourceTree = BUILT_PRODUCTS_DIR; };
		40A06DBB171BCEB80055E95E /* UIKit.framework */ = {isa = PBXFileReference; lastKnownFileType = wrapper.framework; name = UIKit.framework; path = System/Library/Frameworks/UIKit.framework; sourceTree = SDKROOT; };
		40A06DBD171BCEB80055E95E /* Foundation.framework */ = {isa = PBXFileReference; lastKnownFileType = wrapper.framework; name = Foundation.framework; path = System/Library/Frameworks/Foundation.framework; sourceTree = SDKROOT; };
		40A06DBF171BCEB80055E95E /* CoreGraphics.framework */ = {isa = PBXFileReference; lastKnownFileType = wrapper.framework; name = CoreGraphics.framework; path = System/Library/Frameworks/CoreGraphics.framework; sourceTree = SDKROOT; };
		40A06DC3171BCEB80055E95E /* RunningManDemo-Info.plist */ = {isa = PBXFileReference; lastKnownFileType = text.plist.xml; path = "RunningManDemo-Info.plist"; sourceTree = "<group>"; };
		40A06DC5171BCEB80055E95E /* en */ = {isa = PBXFileReference; lastKnownFileType = text.plist.strings; name = en; path = en.lproj/InfoPlist.strings; sourceTree = "<group>"; };
		40A06DC7171BCEB80055E95E /* main.m */ = {isa = PBXFileReference; lastKnownFileType = sourcecode.c.objc; path = main.m; sourceTree = "<group>"; };
		40A06DC9171BCEB80055E95E /* IphoneMapSdkDemo-Prefix.pch */ = {isa = PBXFileReference; lastKnownFileType = sourcecode.c.h; path = "IphoneMapSdkDemo-Prefix.pch"; sourceTree = "<group>"; };
		40A06DCD171BCEB80055E95E /* Default.png */ = {isa = PBXFileReference; lastKnownFileType = image.png; path = Default.png; sourceTree = "<group>"; };
		40A06DCF171BCEB80055E95E /* Default@2x.png */ = {isa = PBXFileReference; lastKnownFileType = image.png; path = "Default@2x.png"; sourceTree = "<group>"; };
		40A06DD1171BCEB80055E95E /* Default-568h@2x.png */ = {isa = PBXFileReference; lastKnownFileType = image.png; path = "Default-568h@2x.png"; sourceTree = "<group>"; };
		40A06E8D171BE60E0055E95E /* SystemConfiguration.framework */ = {isa = PBXFileReference; lastKnownFileType = wrapper.framework; name = SystemConfiguration.framework; path = System/Library/Frameworks/SystemConfiguration.framework; sourceTree = SDKROOT; };
		40A06E8F171BE62F0055E95E /* CoreLocation.framework */ = {isa = PBXFileReference; lastKnownFileType = wrapper.framework; name = CoreLocation.framework; path = System/Library/Frameworks/CoreLocation.framework; sourceTree = SDKROOT; };
		40A06E91171BE63C0055E95E /* QuartzCore.framework */ = {isa = PBXFileReference; lastKnownFileType = wrapper.framework; name = QuartzCore.framework; path = System/Library/Frameworks/QuartzCore.framework; sourceTree = SDKROOT; };
		40A06E93171BE6520055E95E /* OpenGLES.framework */ = {isa = PBXFileReference; lastKnownFileType = wrapper.framework; name = OpenGLES.framework; path = System/Library/Frameworks/OpenGLES.framework; sourceTree = SDKROOT; };
		40D648EB174BA52900D03105 /* MainWindow.xib */ = {isa = PBXFileReference; fileEncoding = 4; lastKnownFileType = file.xib; name = MainWindow.xib; path = src/MainWindow.xib; sourceTree = SOURCE_ROOT; };
		40D648FA174BA52900D03105 /* RootViewController.xib */ = {isa = PBXFileReference; fileEncoding = 4; lastKnownFileType = file.xib; name = RootViewController.xib; path = src/RootViewController.xib; sourceTree = SOURCE_ROOT; };
		E12075BC1755B40700E70513 /* BMKAnnotation.h */ = {isa = PBXFileReference; fileEncoding = 4; lastKnownFileType = sourcecode.c.h; path = BMKAnnotation.h; sourceTree = "<group>"; };
		E12075BD1755B40700E70513 /* BMKAnnotationView.h */ = {isa = PBXFileReference; fileEncoding = 4; lastKnownFileType = sourcecode.c.h; path = BMKAnnotationView.h; sourceTree = "<group>"; };
		E12075BE1755B40700E70513 /* BMKCircle.h */ = {isa = PBXFileReference; fileEncoding = 4; lastKnownFileType = sourcecode.c.h; path = BMKCircle.h; sourceTree = "<group>"; };
		E12075BF1755B40700E70513 /* BMKCircleView.h */ = {isa = PBXFileReference; fileEncoding = 4; lastKnownFileType = sourcecode.c.h; path = BMKCircleView.h; sourceTree = "<group>"; };
		E12075C01755B40700E70513 /* BMKGeneralDelegate.h */ = {isa = PBXFileReference; fileEncoding = 4; lastKnownFileType = sourcecode.c.h; path = BMKGeneralDelegate.h; sourceTree = "<group>"; };
		E12075C11755B40700E70513 /* BMKGeocodeType.h */ = {isa = PBXFileReference; fileEncoding = 4; lastKnownFileType = sourcecode.c.h; path = BMKGeocodeType.h; sourceTree = "<group>"; };
		E12075C21755B40700E70513 /* BMKGeometry.h */ = {isa = PBXFileReference; fileEncoding = 4; lastKnownFileType = sourcecode.c.h; path = BMKGeometry.h; sourceTree = "<group>"; };
		E12075C31755B40700E70513 /* BMKMapManager.h */ = {isa = PBXFileReference; fileEncoding = 4; lastKnownFileType = sourcecode.c.h; path = BMKMapManager.h; sourceTree = "<group>"; };
		E12075C41755B40700E70513 /* BMKMapView.h */ = {isa = PBXFileReference; fileEncoding = 4; lastKnownFileType = sourcecode.c.h; path = BMKMapView.h; sourceTree = "<group>"; };
		E12075C51755B40700E70513 /* BMKMultiPoint.h */ = {isa = PBXFileReference; fileEncoding = 4; lastKnownFileType = sourcecode.c.h; path = BMKMultiPoint.h; sourceTree = "<group>"; };
		E12075C61755B40700E70513 /* BMKOfflineMap.h */ = {isa = PBXFileReference; fileEncoding = 4; lastKnownFileType = sourcecode.c.h; path = BMKOfflineMap.h; sourceTree = "<group>"; };
		E12075C71755B40700E70513 /* BMKOfflineMapType.h */ = {isa = PBXFileReference; fileEncoding = 4; lastKnownFileType = sourcecode.c.h; path = BMKOfflineMapType.h; sourceTree = "<group>"; };
		E12075C81755B40700E70513 /* BMKOverlay.h */ = {isa = PBXFileReference; fileEncoding = 4; lastKnownFileType = sourcecode.c.h; path = BMKOverlay.h; sourceTree = "<group>"; };
		E12075C91755B40700E70513 /* BMKOverlayPathView.h */ = {isa = PBXFileReference; fileEncoding = 4; lastKnownFileType = sourcecode.c.h; path = BMKOverlayPathView.h; sourceTree = "<group>"; };
		E12075CA1755B40700E70513 /* BMKOverlayView.h */ = {isa = PBXFileReference; fileEncoding = 4; lastKnownFileType = sourcecode.c.h; path = BMKOverlayView.h; sourceTree = "<group>"; };
		E12075CB1755B40700E70513 /* BMKPinAnnotationView.h */ = {isa = PBXFileReference; fileEncoding = 4; lastKnownFileType = sourcecode.c.h; path = BMKPinAnnotationView.h; sourceTree = "<group>"; };
		E12075CC1755B40700E70513 /* BMKPointAnnotation.h */ = {isa = PBXFileReference; fileEncoding = 4; lastKnownFileType = sourcecode.c.h; path = BMKPointAnnotation.h; sourceTree = "<group>"; };
		E12075CD1755B40700E70513 /* BMKPoiSearchType.h */ = {isa = PBXFileReference; fileEncoding = 4; lastKnownFileType = sourcecode.c.h; path = BMKPoiSearchType.h; sourceTree = "<group>"; };
		E12075CE1755B40700E70513 /* BMKPolygon.h */ = {isa = PBXFileReference; fileEncoding = 4; lastKnownFileType = sourcecode.c.h; path = BMKPolygon.h; sourceTree = "<group>"; };
		E12075CF1755B40700E70513 /* BMKPolygonView.h */ = {isa = PBXFileReference; fileEncoding = 4; lastKnownFileType = sourcecode.c.h; path = BMKPolygonView.h; sourceTree = "<group>"; };
		E12075D01755B40700E70513 /* BMKPolyline.h */ = {isa = PBXFileReference; fileEncoding = 4; lastKnownFileType = sourcecode.c.h; path = BMKPolyline.h; sourceTree = "<group>"; };
		E12075D11755B40700E70513 /* BMKPolylineView.h */ = {isa = PBXFileReference; fileEncoding = 4; lastKnownFileType = sourcecode.c.h; path = BMKPolylineView.h; sourceTree = "<group>"; };
		E12075D21755B40700E70513 /* BMKRouteSearchType.h */ = {isa = PBXFileReference; fileEncoding = 4; lastKnownFileType = sourcecode.c.h; path = BMKRouteSearchType.h; sourceTree = "<group>"; };
		E12075D41755B40700E70513 /* BMKShape.h */ = {isa = PBXFileReference; fileEncoding = 4; lastKnownFileType = sourcecode.c.h; path = BMKShape.h; sourceTree = "<group>"; };
		E12075D51755B40700E70513 /* BMKTypes.h */ = {isa = PBXFileReference; fileEncoding = 4; lastKnownFileType = sourcecode.c.h; path = BMKTypes.h; sourceTree = "<group>"; };
		E12075D61755B40700E70513 /* BMKUserLocation.h */ = {isa = PBXFileReference; fileEncoding = 4; lastKnownFileType = sourcecode.c.h; path = BMKUserLocation.h; sourceTree = "<group>"; };
		E12075D71755B40700E70513 /* BMKVersion.h */ = {isa = PBXFileReference; fileEncoding = 2147486000; lastKnownFileType = sourcecode.c.h; path = BMKVersion.h; sourceTree = "<group>"; };
		E12075DF1755B46000E70513 /* LocationDemoViewController.xib */ = {isa = PBXFileReference; fileEncoding = 4; lastKnownFileType = file.xib; name = LocationDemoViewController.xib; path = src/LocationDemoViewController.xib; sourceTree = SOURCE_ROOT; };
		E12075F41755B4AA00E70513 /* AppDelegate.h */ = {isa = PBXFileReference; fileEncoding = 4; lastKnownFileType = sourcecode.c.h; name = AppDelegate.h; path = src/AppDelegate.h; sourceTree = SOURCE_ROOT; };
		E12075F51755B4AA00E70513 /* AppDelegate.mm */ = {isa = PBXFileReference; fileEncoding = 4; lastKnownFileType = sourcecode.cpp.objcpp; name = AppDelegate.mm; path = src/AppDelegate.mm; sourceTree = SOURCE_ROOT; };
		E12075FC1755B4AA00E70513 /* LocationDemoViewController.h */ = {isa = PBXFileReference; fileEncoding = 4; lastKnownFileType = sourcecode.c.h; name = LocationDemoViewController.h; path = src/LocationDemoViewController.h; sourceTree = SOURCE_ROOT; };
		E12075FD1755B4AA00E70513 /* LocationDemoViewController.m */ = {isa = PBXFileReference; fileEncoding = 4; lastKnownFileType = sourcecode.c.objc; name = LocationDemoViewController.m; path = src/LocationDemoViewController.m; sourceTree = SOURCE_ROOT; };
		E12076061755B4AA00E70513 /* RootViewController.h */ = {isa = PBXFileReference; fileEncoding = 4; lastKnownFileType = sourcecode.c.h; name = RootViewController.h; path = src/RootViewController.h; sourceTree = SOURCE_ROOT; };
		E12076071755B4AA00E70513 /* RootViewController.mm */ = {isa = PBXFileReference; fileEncoding = 4; lastKnownFileType = sourcecode.cpp.objcpp; name = RootViewController.mm; path = src/RootViewController.mm; sourceTree = SOURCE_ROOT; };
		E15497BE1A3AEF9C00DA82A0 /* locations.json */ = {isa = PBXFileReference; fileEncoding = 4; lastKnownFileType = text.json; path = locations.json; sourceTree = "<group>"; };
		E163696D1A26CD17004E2DBF /* line_dash_texture.png */ = {isa = PBXFileReference; lastKnownFileType = image.png; path = line_dash_texture.png; sourceTree = "<group>"; };
		E163698D1A26FB09004E2DBF /* poi_1.png */ = {isa = PBXFileReference; lastKnownFileType = image.png; path = poi_1.png; sourceTree = "<group>"; };
		E163698E1A26FB09004E2DBF /* poi_2.png */ = {isa = PBXFileReference; lastKnownFileType = image.png; path = poi_2.png; sourceTree = "<group>"; };
		E163698F1A26FB09004E2DBF /* poi_3.png */ = {isa = PBXFileReference; lastKnownFileType = image.png; path = poi_3.png; sourceTree = "<group>"; };
		E16369A61A2703DB004E2DBF /* poi_21.png */ = {isa = PBXFileReference; lastKnownFileType = image.png; path = poi_21.png; sourceTree = "<group>"; };
		E16369A71A2703DB004E2DBF /* poi_22.png */ = {isa = PBXFileReference; lastKnownFileType = image.png; path = poi_22.png; sourceTree = "<group>"; };
		E16369A81A2703DB004E2DBF /* poi_23.png */ = {isa = PBXFileReference; lastKnownFileType = image.png; path = poi_23.png; sourceTree = "<group>"; };
		E17856D61A25A69500B30FC0 /* texture_arrow.png */ = {isa = PBXFileReference; lastKnownFileType = image.png; path = texture_arrow.png; sourceTree = "<group>"; };
		E17856D81A25A6A800B30FC0 /* test.png */ = {isa = PBXFileReference; lastKnownFileType = image.png; path = test.png; sourceTree = "<group>"; };
		E17856FE1A25B77700B30FC0 /* arrowTexture.png */ = {isa = PBXFileReference; lastKnownFileType = image.png; path = arrowTexture.png; sourceTree = "<group>"; };
		E17FBC3C1A1CCA9400A66BB2 /* mapapi.bundle */ = {isa = PBXFileReference; lastKnownFileType = "wrapper.plug-in"; path = mapapi.bundle; sourceTree = "<group>"; };
		E19D0A1E1A3C29140065A004 /* JSONKit.h */ = {isa = PBXFileReference; fileEncoding = 4; lastKnownFileType = sourcecode.c.h; path = JSONKit.h; sourceTree = "<group>"; };
		E19D0A1F1A3C29140065A004 /* JSONKit.m */ = {isa = PBXFileReference; fileEncoding = 4; lastKnownFileType = sourcecode.c.objc; path = JSONKit.m; sourceTree = "<group>"; };
		E1EBC64B1A15D55F0064ABA7 /* Icon.png */ = {isa = PBXFileReference; lastKnownFileType = image.png; path = Icon.png; sourceTree = "<group>"; };
		E1EBC64C1A15D55F0064ABA7 /* Icon@2x.png */ = {isa = PBXFileReference; lastKnownFileType = image.png; path = "Icon@2x.png"; sourceTree = "<group>"; };
		FA049F8B1909657200002F84 /* BMKBaseComponent.h */ = {isa = PBXFileReference; fileEncoding = 4; lastKnownFileType = sourcecode.c.h; path = BMKBaseComponent.h; sourceTree = "<group>"; };
		FA049F8C1909657200002F84 /* BMKBusLineSearch.h */ = {isa = PBXFileReference; fileEncoding = 4; lastKnownFileType = sourcecode.c.h; path = BMKBusLineSearch.h; sourceTree = "<group>"; };
		FA049F8D1909657200002F84 /* BMKBusLineSearchOption.h */ = {isa = PBXFileReference; fileEncoding = 4; lastKnownFileType = sourcecode.c.h; path = BMKBusLineSearchOption.h; sourceTree = "<group>"; };
		FA049F8E1909657200002F84 /* BMKCloudSearchComponent.h */ = {isa = PBXFileReference; fileEncoding = 4; lastKnownFileType = sourcecode.c.h; path = BMKCloudSearchComponent.h; sourceTree = "<group>"; };
		FA049F8F1909657200002F84 /* BMKGeocodeSearch.h */ = {isa = PBXFileReference; fileEncoding = 4; lastKnownFileType = sourcecode.c.h; path = BMKGeocodeSearch.h; sourceTree = "<group>"; };
		FA049F901909657200002F84 /* BMKGeocodeSearchOption.h */ = {isa = PBXFileReference; fileEncoding = 4; lastKnownFileType = sourcecode.c.h; path = BMKGeocodeSearchOption.h; sourceTree = "<group>"; };
		FA049F911909657200002F84 /* BMKLocationComponent.h */ = {isa = PBXFileReference; fileEncoding = 4; lastKnownFileType = sourcecode.c.h; path = BMKLocationComponent.h; sourceTree = "<group>"; };
		FA049F921909657200002F84 /* BMKLocationService.h */ = {isa = PBXFileReference; fileEncoding = 4; lastKnownFileType = sourcecode.c.h; path = BMKLocationService.h; sourceTree = "<group>"; };
		FA049F931909657200002F84 /* BMKMapComponent.h */ = {isa = PBXFileReference; fileEncoding = 4; lastKnownFileType = sourcecode.c.h; path = BMKMapComponent.h; sourceTree = "<group>"; };
		FA049F941909657200002F84 /* BMKPoiSearch.h */ = {isa = PBXFileReference; fileEncoding = 4; lastKnownFileType = sourcecode.c.h; path = BMKPoiSearch.h; sourceTree = "<group>"; };
		FA049F951909657200002F84 /* BMKPoiSearchOption.h */ = {isa = PBXFileReference; fileEncoding = 4; lastKnownFileType = sourcecode.c.h; path = BMKPoiSearchOption.h; sourceTree = "<group>"; };
		FA049F961909657200002F84 /* BMKRouteSearch.h */ = {isa = PBXFileReference; fileEncoding = 4; lastKnownFileType = sourcecode.c.h; path = BMKRouteSearch.h; sourceTree = "<group>"; };
		FA049F971909657200002F84 /* BMKRouteSearchOption.h */ = {isa = PBXFileReference; fileEncoding = 4; lastKnownFileType = sourcecode.c.h; path = BMKRouteSearchOption.h; sourceTree = "<group>"; };
		FA049F981909657200002F84 /* BMKSearchComponent.h */ = {isa = PBXFileReference; fileEncoding = 4; lastKnownFileType = sourcecode.c.h; path = BMKSearchComponent.h; sourceTree = "<group>"; };
		FA049F991909657200002F84 /* BMKShareUrlSearch.h */ = {isa = PBXFileReference; fileEncoding = 4; lastKnownFileType = sourcecode.c.h; path = BMKShareUrlSearch.h; sourceTree = "<group>"; };
		FA049F9A1909657200002F84 /* BMKShareUrlSearchOption.h */ = {isa = PBXFileReference; fileEncoding = 4; lastKnownFileType = sourcecode.c.h; path = BMKShareUrlSearchOption.h; sourceTree = "<group>"; };
		FA049F9B1909657200002F84 /* BMKSuggestionSearch.h */ = {isa = PBXFileReference; fileEncoding = 4; lastKnownFileType = sourcecode.c.h; path = BMKSuggestionSearch.h; sourceTree = "<group>"; };
		FA049F9C1909657200002F84 /* BMKSuggestionSearchOption.h */ = {isa = PBXFileReference; fileEncoding = 4; lastKnownFileType = sourcecode.c.h; path = BMKSuggestionSearchOption.h; sourceTree = "<group>"; };
		FA049F9D1909657200002F84 /* BMKUtilsComponent.h */ = {isa = PBXFileReference; fileEncoding = 4; lastKnownFileType = sourcecode.c.h; path = BMKUtilsComponent.h; sourceTree = "<group>"; };
		FA1B30181998A0CF00016484 /* BMKGradient.h */ = {isa = PBXFileReference; fileEncoding = 4; lastKnownFileType = sourcecode.c.h; path = BMKGradient.h; sourceTree = "<group>"; };
		FA1B30191998A0CF00016484 /* BMKHeatMap.h */ = {isa = PBXFileReference; fileEncoding = 4; lastKnownFileType = sourcecode.c.h; path = BMKHeatMap.h; sourceTree = "<group>"; };
		FA302E0617DEE9AF00E9D516 /* Security.framework */ = {isa = PBXFileReference; lastKnownFileType = wrapper.framework; name = Security.framework; path = System/Library/Frameworks/Security.framework; sourceTree = SDKROOT; };
		FA37572D1833A08B00FDC104 /* BMKLocationViewDisplayParam.h */ = {isa = PBXFileReference; fileEncoding = 4; lastKnownFileType = sourcecode.c.h; path = BMKLocationViewDisplayParam.h; sourceTree = "<group>"; };
		FA37572E1833A08B00FDC104 /* BMKArcline.h */ = {isa = PBXFileReference; fileEncoding = 4; lastKnownFileType = sourcecode.c.h; path = BMKArcline.h; sourceTree = "<group>"; };
		FA37572F1833A08B00FDC104 /* BMKArclineView.h */ = {isa = PBXFileReference; fileEncoding = 4; lastKnownFileType = sourcecode.c.h; path = BMKArclineView.h; sourceTree = "<group>"; };
		FA3757301833A08B00FDC104 /* BMKNavigation.h */ = {isa = PBXFileReference; fileEncoding = 4; lastKnownFileType = sourcecode.c.h; path = BMKNavigation.h; sourceTree = "<group>"; };
		FA45E73F17DDA03800AE5C7B /* BMKGroundOverlay.h */ = {isa = PBXFileReference; fileEncoding = 4; lastKnownFileType = sourcecode.c.h; path = BMKGroundOverlay.h; sourceTree = "<group>"; };
		FA45E74017DDA03800AE5C7B /* BMKGroundOverlayView.h */ = {isa = PBXFileReference; fileEncoding = 4; lastKnownFileType = sourcecode.c.h; path = BMKGroundOverlayView.h; sourceTree = "<group>"; };
		FA45E74117DDA05700AE5C7B /* BMKActionPaopaoView.h */ = {isa = PBXFileReference; fileEncoding = 4; lastKnownFileType = sourcecode.c.h; path = BMKActionPaopaoView.h; sourceTree = "<group>"; };
		FA47070617D6EA2A00D4CD02 /* BMKCloudPOIList.h */ = {isa = PBXFileReference; fileEncoding = 4; lastKnownFileType = sourcecode.c.h; path = BMKCloudPOIList.h; sourceTree = "<group>"; };
		FA47070717D6EA2A00D4CD02 /* BMKCloudSearch.h */ = {isa = PBXFileReference; fileEncoding = 4; lastKnownFileType = sourcecode.c.h; path = BMKCloudSearch.h; sourceTree = "<group>"; };
		FA47070817D6ED8D00D4CD02 /* BMKCloudSearchInfo.h */ = {isa = PBXFileReference; fileEncoding = 4; lastKnownFileType = sourcecode.c.h; path = BMKCloudSearchInfo.h; sourceTree = "<group>"; };
		FA62B46D17A25FC300E2A03E /* MessageUI.framework */ = {isa = PBXFileReference; lastKnownFileType = wrapper.framework; name = MessageUI.framework; path = System/Library/Frameworks/MessageUI.framework; sourceTree = SDKROOT; };
		FA6E0B4B191905F400C82824 /* libbaidumapapi.a */ = {isa = PBXFileReference; lastKnownFileType = archive.ar; name = libbaidumapapi.a; path = "libs/Release-iphoneos/libbaidumapapi.a"; sourceTree = "<group>"; };
		FA72C8F418C7765600E2D928 /* BMKOverlayGLBasicView.h */ = {isa = PBXFileReference; fileEncoding = 4; lastKnownFileType = sourcecode.c.h; path = BMKOverlayGLBasicView.h; sourceTree = "<group>"; };
		FAEBE0C119A23BF80085D621 /* BMapKit.h */ = {isa = PBXFileReference; fileEncoding = 4; lastKnownFileType = sourcecode.c.h; path = BMapKit.h; sourceTree = "<group>"; };
		FAEDAB5817BA010C00243957 /* BMKMapStatus.h */ = {isa = PBXFileReference; fileEncoding = 4; lastKnownFileType = sourcecode.c.h; path = BMKMapStatus.h; sourceTree = "<group>"; };
/* End PBXFileReference section */

/* Begin PBXFrameworksBuildPhase section */
		40A06DB4171BCEB80055E95E /* Frameworks */ = {
			isa = PBXFrameworksBuildPhase;
			buildActionMask = 2147483647;
			files = (
				FA6E0B4C191905F400C82824 /* libbaidumapapi.a in Frameworks */,
				FA302E0717DEE9AF00E9D516 /* Security.framework in Frameworks */,
				FA62B46E17A25FC300E2A03E /* MessageUI.framework in Frameworks */,
				40A06E94171BE6520055E95E /* OpenGLES.framework in Frameworks */,
				40A06E92171BE63C0055E95E /* QuartzCore.framework in Frameworks */,
				40A06E90171BE62F0055E95E /* CoreLocation.framework in Frameworks */,
				40A06E8E171BE60E0055E95E /* SystemConfiguration.framework in Frameworks */,
				40A06DBC171BCEB80055E95E /* UIKit.framework in Frameworks */,
				40A06DBE171BCEB80055E95E /* Foundation.framework in Frameworks */,
				40A06DC0171BCEB80055E95E /* CoreGraphics.framework in Frameworks */,
			);
			runOnlyForDeploymentPostprocessing = 0;
		};
/* End PBXFrameworksBuildPhase section */

/* Begin PBXGroup section */
		40A06DAC171BCEB80055E95E = {
			isa = PBXGroup;
			children = (
				40A06EA8171BFDED0055E95E /* Resources */,
				40B8838E174A4F45008AA2D3 /* inc */,
				40A06DC1171BCEB80055E95E /* src */,
				40A06DC2171BCEB80055E95E /* Supporting Files */,
				40A06DBA171BCEB80055E95E /* Frameworks */,
				40A06DB8171BCEB80055E95E /* Products */,
			);
			sourceTree = "<group>";
		};
		40A06DB8171BCEB80055E95E /* Products */ = {
			isa = PBXGroup;
			children = (
				40A06DB7171BCEB80055E95E /* RunningManDemo.app */,
			);
			name = Products;
			sourceTree = "<group>";
		};
		40A06DBA171BCEB80055E95E /* Frameworks */ = {
			isa = PBXGroup;
			children = (
				FA6E0B4B191905F400C82824 /* libbaidumapapi.a */,
				FA302E0617DEE9AF00E9D516 /* Security.framework */,
				FA62B46D17A25FC300E2A03E /* MessageUI.framework */,
				40A06E93171BE6520055E95E /* OpenGLES.framework */,
				40A06E91171BE63C0055E95E /* QuartzCore.framework */,
				40A06E8F171BE62F0055E95E /* CoreLocation.framework */,
				40A06E8D171BE60E0055E95E /* SystemConfiguration.framework */,
				40A06DBB171BCEB80055E95E /* UIKit.framework */,
				40A06DBD171BCEB80055E95E /* Foundation.framework */,
				40A06DBF171BCEB80055E95E /* CoreGraphics.framework */,
			);
			name = Frameworks;
			sourceTree = "<group>";
		};
		40A06DC1171BCEB80055E95E /* src */ = {
			isa = PBXGroup;
			children = (
				E163698B1A26FA61004E2DBF /* ViewController */,
				E163698C1A26FAC6004E2DBF /* Xib */,
				E12075F41755B4AA00E70513 /* AppDelegate.h */,
				E12075F51755B4AA00E70513 /* AppDelegate.mm */,
			);
			name = src;
			path = IphoneMapSdkDemo;
			sourceTree = "<group>";
		};
		40A06DC2171BCEB80055E95E /* Supporting Files */ = {
			isa = PBXGroup;
			children = (
				E19D0A1D1A3C29140065A004 /* JSONKit */,
				E16369891A26FA28004E2DBF /* Image */,
				40A06DC3171BCEB80055E95E /* RunningManDemo-Info.plist */,
				40A06DC4171BCEB80055E95E /* InfoPlist.strings */,
				E1EBC64B1A15D55F0064ABA7 /* Icon.png */,
				E1EBC64C1A15D55F0064ABA7 /* Icon@2x.png */,
				E15497BE1A3AEF9C00DA82A0 /* locations.json */,
				40A06DC7171BCEB80055E95E /* main.m */,
				40A06DC9171BCEB80055E95E /* IphoneMapSdkDemo-Prefix.pch */,
				40A06DCD171BCEB80055E95E /* Default.png */,
				40A06DCF171BCEB80055E95E /* Default@2x.png */,
				40A06DD1171BCEB80055E95E /* Default-568h@2x.png */,
			);
			name = "Supporting Files";
			path = IphoneMapSdkDemo;
			sourceTree = "<group>";
		};
		40A06EA8171BFDED0055E95E /* Resources */ = {
			isa = PBXGroup;
			children = (
				E17FBC3C1A1CCA9400A66BB2 /* mapapi.bundle */,
			);
			name = Resources;
			sourceTree = "<group>";
		};
		40B8838E174A4F45008AA2D3 /* inc */ = {
			isa = PBXGroup;
			children = (
				FAEBE0C119A23BF80085D621 /* BMapKit.h */,
				FA1B30181998A0CF00016484 /* BMKGradient.h */,
				FA1B30191998A0CF00016484 /* BMKHeatMap.h */,
				FA049F8B1909657200002F84 /* BMKBaseComponent.h */,
				FA049F8C1909657200002F84 /* BMKBusLineSearch.h */,
				FA049F8D1909657200002F84 /* BMKBusLineSearchOption.h */,
				FA049F8E1909657200002F84 /* BMKCloudSearchComponent.h */,
				FA049F8F1909657200002F84 /* BMKGeocodeSearch.h */,
				FA049F901909657200002F84 /* BMKGeocodeSearchOption.h */,
				FA049F911909657200002F84 /* BMKLocationComponent.h */,
				FA049F921909657200002F84 /* BMKLocationService.h */,
				FA049F931909657200002F84 /* BMKMapComponent.h */,
				FA049F941909657200002F84 /* BMKPoiSearch.h */,
				FA049F951909657200002F84 /* BMKPoiSearchOption.h */,
				FA049F961909657200002F84 /* BMKRouteSearch.h */,
				FA049F971909657200002F84 /* BMKRouteSearchOption.h */,
				FA049F981909657200002F84 /* BMKSearchComponent.h */,
				FA049F991909657200002F84 /* BMKShareUrlSearch.h */,
				FA049F9A1909657200002F84 /* BMKShareUrlSearchOption.h */,
				FA049F9B1909657200002F84 /* BMKSuggestionSearch.h */,
				FA049F9C1909657200002F84 /* BMKSuggestionSearchOption.h */,
				FA049F9D1909657200002F84 /* BMKUtilsComponent.h */,
				FA72C8F418C7765600E2D928 /* BMKOverlayGLBasicView.h */,
				FA37572D1833A08B00FDC104 /* BMKLocationViewDisplayParam.h */,
				FA37572E1833A08B00FDC104 /* BMKArcline.h */,
				FA37572F1833A08B00FDC104 /* BMKArclineView.h */,
				FA3757301833A08B00FDC104 /* BMKNavigation.h */,
				FA45E74117DDA05700AE5C7B /* BMKActionPaopaoView.h */,
				FA45E73F17DDA03800AE5C7B /* BMKGroundOverlay.h */,
				FA45E74017DDA03800AE5C7B /* BMKGroundOverlayView.h */,
				FA47070817D6ED8D00D4CD02 /* BMKCloudSearchInfo.h */,
				FA47070617D6EA2A00D4CD02 /* BMKCloudPOIList.h */,
				FA47070717D6EA2A00D4CD02 /* BMKCloudSearch.h */,
				FAEDAB5817BA010C00243957 /* BMKMapStatus.h */,
				E12075BC1755B40700E70513 /* BMKAnnotation.h */,
				E12075BD1755B40700E70513 /* BMKAnnotationView.h */,
				E12075BE1755B40700E70513 /* BMKCircle.h */,
				E12075BF1755B40700E70513 /* BMKCircleView.h */,
				E12075C01755B40700E70513 /* BMKGeneralDelegate.h */,
				E12075C11755B40700E70513 /* BMKGeocodeType.h */,
				E12075C21755B40700E70513 /* BMKGeometry.h */,
				E12075C31755B40700E70513 /* BMKMapManager.h */,
				E12075C41755B40700E70513 /* BMKMapView.h */,
				E12075C51755B40700E70513 /* BMKMultiPoint.h */,
				E12075C61755B40700E70513 /* BMKOfflineMap.h */,
				E12075C71755B40700E70513 /* BMKOfflineMapType.h */,
				E12075C81755B40700E70513 /* BMKOverlay.h */,
				E12075C91755B40700E70513 /* BMKOverlayPathView.h */,
				E12075CA1755B40700E70513 /* BMKOverlayView.h */,
				E12075CB1755B40700E70513 /* BMKPinAnnotationView.h */,
				E12075CC1755B40700E70513 /* BMKPointAnnotation.h */,
				E12075CD1755B40700E70513 /* BMKPoiSearchType.h */,
				E12075CE1755B40700E70513 /* BMKPolygon.h */,
				E12075CF1755B40700E70513 /* BMKPolygonView.h */,
				E12075D01755B40700E70513 /* BMKPolyline.h */,
				E12075D11755B40700E70513 /* BMKPolylineView.h */,
				E12075D21755B40700E70513 /* BMKRouteSearchType.h */,
				E12075D41755B40700E70513 /* BMKShape.h */,
				E12075D51755B40700E70513 /* BMKTypes.h */,
				E12075D61755B40700E70513 /* BMKUserLocation.h */,
				E12075D71755B40700E70513 /* BMKVersion.h */,
			);
			path = inc;
			sourceTree = "<group>";
		};
		E16369891A26FA28004E2DBF /* Image */ = {
			isa = PBXGroup;
			children = (
				E17856FE1A25B77700B30FC0 /* arrowTexture.png */,
				E163696D1A26CD17004E2DBF /* line_dash_texture.png */,
				E17856D61A25A69500B30FC0 /* texture_arrow.png */,
				E17856D81A25A6A800B30FC0 /* test.png */,
				E163698D1A26FB09004E2DBF /* poi_1.png */,
				E163698E1A26FB09004E2DBF /* poi_2.png */,
				E163698F1A26FB09004E2DBF /* poi_3.png */,
				E16369A61A2703DB004E2DBF /* poi_21.png */,
				E16369A71A2703DB004E2DBF /* poi_22.png */,
				E16369A81A2703DB004E2DBF /* poi_23.png */,
			);
			name = Image;
			sourceTree = "<group>";
		};
		E163698B1A26FA61004E2DBF /* ViewController */ = {
			isa = PBXGroup;
			children = (
				E12076061755B4AA00E70513 /* RootViewController.h */,
				E12076071755B4AA00E70513 /* RootViewController.mm */,
				E12075FC1755B4AA00E70513 /* LocationDemoViewController.h */,
				E12075FD1755B4AA00E70513 /* LocationDemoViewController.m */,
				36BAC96A1ABC4A5C008CC668 /* GameObject.h */,
				36BAC96B1ABC4A5C008CC668 /* GameObject.m */,
			);
			name = ViewController;
			sourceTree = "<group>";
		};
		E163698C1A26FAC6004E2DBF /* Xib */ = {
			isa = PBXGroup;
			children = (
				40D648FA174BA52900D03105 /* RootViewController.xib */,
				E12075DF1755B46000E70513 /* LocationDemoViewController.xib */,
				40D648EB174BA52900D03105 /* MainWindow.xib */,
			);
			name = Xib;
			sourceTree = "<group>";
		};
		E19D0A1D1A3C29140065A004 /* JSONKit */ = {
			isa = PBXGroup;
			children = (
				E19D0A1E1A3C29140065A004 /* JSONKit.h */,
				E19D0A1F1A3C29140065A004 /* JSONKit.m */,
			);
			path = JSONKit;
			sourceTree = "<group>";
		};
/* End PBXGroup section */

/* Begin PBXNativeTarget section */
		40A06DB6171BCEB80055E95E /* RunningManDemo */ = {
			isa = PBXNativeTarget;
			buildConfigurationList = 40A06DDB171BCEB80055E95E /* Build configuration list for PBXNativeTarget "RunningManDemo" */;
			buildPhases = (
				40A06DB3171BCEB80055E95E /* Sources */,
				40A06DB4171BCEB80055E95E /* Frameworks */,
				40A06DB5171BCEB80055E95E /* Resources */,
			);
			buildRules = (
			);
			dependencies = (
			);
			name = RunningManDemo;
			productName = IphoneMapSdkDemo;
			productReference = 40A06DB7171BCEB80055E95E /* RunningManDemo.app */;
			productType = "com.apple.product-type.application";
		};
/* End PBXNativeTarget section */

/* Begin PBXProject section */
		40A06DAE171BCEB80055E95E /* Project object */ = {
			isa = PBXProject;
			attributes = {
				LastUpgradeCheck = 0450;
				ORGANIZATIONNAME = Baidu;
				TargetAttributes = {
					40A06DB6171BCEB80055E95E = {
						DevelopmentTeam = 7XANXUF59U;
					};
				};
			};
			buildConfigurationList = 40A06DB1171BCEB80055E95E /* Build configuration list for PBXProject "RunningManDemo" */;
			compatibilityVersion = "Xcode 3.2";
			developmentRegion = English;
			hasScannedForEncodings = 0;
			knownRegions = (
				en,
			);
			mainGroup = 40A06DAC171BCEB80055E95E;
			productRefGroup = 40A06DB8171BCEB80055E95E /* Products */;
			projectDirPath = "";
			projectRoot = "";
			targets = (
				40A06DB6171BCEB80055E95E /* RunningManDemo */,
			);
		};
/* End PBXProject section */

/* Begin PBXResourcesBuildPhase section */
		40A06DB5171BCEB80055E95E /* Resources */ = {
			isa = PBXResourcesBuildPhase;
			buildActionMask = 2147483647;
			files = (
				40A06DC6171BCEB80055E95E /* InfoPlist.strings in Resources */,
				40A06DCE171BCEB80055E95E /* Default.png in Resources */,
				40A06DD0171BCEB80055E95E /* Default@2x.png in Resources */,
				40A06DD2171BCEB80055E95E /* Default-568h@2x.png in Resources */,
				40D6490B174BA52900D03105 /* MainWindow.xib in Resources */,
				E15497BF1A3AEF9C00DA82A0 /* locations.json in Resources */,
				40D64915174BA52900D03105 /* RootViewController.xib in Resources */,
				E163696E1A26CD17004E2DBF /* line_dash_texture.png in Resources */,
				E1EBC64D1A15D55F0064ABA7 /* Icon.png in Resources */,
				E17FBC3D1A1CCA9400A66BB2 /* mapapi.bundle in Resources */,
				E17856FF1A25B77700B30FC0 /* arrowTexture.png in Resources */,
				E16369AB1A2703DB004E2DBF /* poi_23.png in Resources */,
				E16369A91A2703DB004E2DBF /* poi_21.png in Resources */,
				E12075EA1755B46000E70513 /* LocationDemoViewController.xib in Resources */,
				E17856D91A25A6A800B30FC0 /* test.png in Resources */,
				E17856D71A25A69500B30FC0 /* texture_arrow.png in Resources */,
				E16369921A26FB09004E2DBF /* poi_3.png in Resources */,
				E16369901A26FB09004E2DBF /* poi_1.png in Resources */,
				E16369AA1A2703DB004E2DBF /* poi_22.png in Resources */,
				E1EBC64E1A15D55F0064ABA7 /* Icon@2x.png in Resources */,
				E16369911A26FB09004E2DBF /* poi_2.png in Resources */,
			);
			runOnlyForDeploymentPostprocessing = 0;
		};
/* End PBXResourcesBuildPhase section */

/* Begin PBXSourcesBuildPhase section */
		40A06DB3171BCEB80055E95E /* Sources */ = {
			isa = PBXSourcesBuildPhase;
			buildActionMask = 2147483647;
			files = (
				40A06DC8171BCEB80055E95E /* main.m in Sources */,
				36BAC96C1ABC4A5C008CC668 /* GameObject.m in Sources */,
				E120760B1755B4AA00E70513 /* AppDelegate.mm in Sources */,
				E120760F1755B4AA00E70513 /* LocationDemoViewController.m in Sources */,
				E12076141755B4AA00E70513 /* RootViewController.mm in Sources */,
				E19D0A201A3C29140065A004 /* JSONKit.m in Sources */,
			);
			runOnlyForDeploymentPostprocessing = 0;
		};
/* End PBXSourcesBuildPhase section */

/* Begin PBXVariantGroup section */
		40A06DC4171BCEB80055E95E /* InfoPlist.strings */ = {
			isa = PBXVariantGroup;
			children = (
				40A06DC5171BCEB80055E95E /* en */,
			);
			name = InfoPlist.strings;
			sourceTree = "<group>";
		};
/* End PBXVariantGroup section */

/* Begin XCBuildConfiguration section */
		40A06DD9171BCEB80055E95E /* Debug */ = {
			isa = XCBuildConfiguration;
			buildSettings = {
				ALWAYS_SEARCH_USER_PATHS = NO;
				CLANG_CXX_LANGUAGE_STANDARD = "gnu++0x";
				CLANG_CXX_LIBRARY = "libstdc++";
				CLANG_ENABLE_OBJC_ARC = NO;
				CLANG_MODULES_AUTOLINK = NO;
				CLANG_WARN_EMPTY_BODY = YES;
				CLANG_WARN__DUPLICATE_METHOD_MATCH = YES;
				"CODE_SIGN_IDENTITY[sdk=iphoneos*]" = "";
				COPY_PHASE_STRIP = NO;
				GCC_C_LANGUAGE_STANDARD = gnu99;
				GCC_DYNAMIC_NO_PIC = NO;
				GCC_OPTIMIZATION_LEVEL = 0;
				GCC_PREPROCESSOR_DEFINITIONS = (
					"DEBUG=1",
					"$(inherited)",
				);
				GCC_SYMBOLS_PRIVATE_EXTERN = NO;
				GCC_WARN_ABOUT_RETURN_TYPE = YES;
				GCC_WARN_UNINITIALIZED_AUTOS = YES;
				GCC_WARN_UNUSED_VARIABLE = YES;
				IPHONEOS_DEPLOYMENT_TARGET = 5.0;
				ONLY_ACTIVE_ARCH = YES;
				"PROVISIONING_PROFILE[sdk=iphoneos*]" = "";
				SDKROOT = iphoneos;
			};
			name = Debug;
		};
		40A06DDA171BCEB80055E95E /* Release */ = {
			isa = XCBuildConfiguration;
			buildSettings = {
				ALWAYS_SEARCH_USER_PATHS = NO;
				CLANG_CXX_LANGUAGE_STANDARD = "gnu++0x";
				CLANG_CXX_LIBRARY = "libstdc++";
				CLANG_ENABLE_OBJC_ARC = NO;
				CLANG_MODULES_AUTOLINK = NO;
				CLANG_WARN_EMPTY_BODY = YES;
				CLANG_WARN__DUPLICATE_METHOD_MATCH = YES;
				"CODE_SIGN_IDENTITY[sdk=iphoneos*]" = "";
				COPY_PHASE_STRIP = YES;
				GCC_C_LANGUAGE_STANDARD = gnu99;
				GCC_WARN_ABOUT_RETURN_TYPE = YES;
				GCC_WARN_UNINITIALIZED_AUTOS = YES;
				GCC_WARN_UNUSED_VARIABLE = YES;
				IPHONEOS_DEPLOYMENT_TARGET = 5.0;
				OTHER_CFLAGS = "-DNS_BLOCK_ASSERTIONS=1";
				"PROVISIONING_PROFILE[sdk=iphoneos*]" = "";
				SDKROOT = iphoneos;
				VALIDATE_PRODUCT = YES;
			};
			name = Release;
		};
		40A06DDC171BCEB80055E95E /* Debug */ = {
			isa = XCBuildConfiguration;
			buildSettings = {
				CLANG_ENABLE_OBJC_ARC = NO;
				CLANG_MODULES_AUTOLINK = NO;
				CODE_SIGN_IDENTITY = "iPhone Developer";
				"CODE_SIGN_IDENTITY[sdk=iphoneos*]" = "iPhone Developer";
				GCC_PRECOMPILE_PREFIX_HEADER = YES;
				GCC_PREFIX_HEADER = "";
				HEADER_SEARCH_PATHS = "\"$(SRCROOT)/inc/**";
				INFOPLIST_FILE = "IphoneMapSdkDemo/RunningManDemo-Info.plist";
				IPHONEOS_DEPLOYMENT_TARGET = 6.0;
				LIBRARY_SEARCH_PATHS = (
					"$(inherited)",
					"\"$(SRCROOT)/libs/Release$(EFFECTIVE_PLATFORM_NAME)/\"",
				);
				ONLY_ACTIVE_ARCH = YES;
				OTHER_LDFLAGS = "-ObjC";
				PRODUCT_NAME = RunningManDemo;
				PROVISIONING_PROFILE = "";
				"PROVISIONING_PROFILE[sdk=iphoneos*]" = "";
				VALID_ARCHS = "armv7 armv7s arm64";
				WRAPPER_EXTENSION = app;
			};
			name = Debug;
		};
		40A06DDD171BCEB80055E95E /* Release */ = {
			isa = XCBuildConfiguration;
			buildSettings = {
				CLANG_ENABLE_OBJC_ARC = NO;
				CLANG_MODULES_AUTOLINK = NO;
				CODE_SIGN_IDENTITY = "iPhone Developer";
				"CODE_SIGN_IDENTITY[sdk=iphoneos*]" = "iPhone Developer";
				GCC_PRECOMPILE_PREFIX_HEADER = YES;
				GCC_PREFIX_HEADER = "";
				HEADER_SEARCH_PATHS = "\"$(SRCROOT)/inc/**";
				INFOPLIST_FILE = "IphoneMapSdkDemo/RunningManDemo-Info.plist";
				IPHONEOS_DEPLOYMENT_TARGET = 6.0;
				LIBRARY_SEARCH_PATHS = (
					"$(inherited)",
					"\"$(SRCROOT)/libs/Release$(EFFECTIVE_PLATFORM_NAME)/\"",
				);
				ONLY_ACTIVE_ARCH = YES;
				OTHER_LDFLAGS = "-ObjC";
				PRODUCT_NAME = RunningManDemo;
				PROVISIONING_PROFILE = "";
				"PROVISIONING_PROFILE[sdk=iphoneos*]" = "";
				VALID_ARCHS = "armv7 armv7s arm64";
				WRAPPER_EXTENSION = app;
			};
			name = Release;
		};
/* End XCBuildConfiguration section */

/* Begin XCConfigurationList section */
		40A06DB1171BCEB80055E95E /* Build configuration list for PBXProject "RunningManDemo" */ = {
			isa = XCConfigurationList;
			buildConfigurations = (
				40A06DD9171BCEB80055E95E /* Debug */,
				40A06DDA171BCEB80055E95E /* Release */,
			);
			defaultConfigurationIsVisible = 0;
			defaultConfigurationName = Release;
		};
		40A06DDB171BCEB80055E95E /* Build configuration list for PBXNativeTarget "RunningManDemo" */ = {
			isa = XCConfigurationList;
			buildConfigurations = (
				40A06DDC171BCEB80055E95E /* Debug */,
				40A06DDD171BCEB80055E95E /* Release */,
			);
			defaultConfigurationIsVisible = 0;
			defaultConfigurationName = Release;
		};
/* End XCConfigurationList section */
	};
	rootObject = 40A06DAE171BCEB80055E95E /* Project object */;
}
